
Microsoft Visual Studio Solution File, Format Version 12.00
# Visual Studio 15
VisualStudioVersion = 15.0.28307.421
MinimumVisualStudioVersion = 10.0.40219.1
Project("{FAE04EC0-301F-11D3-BF4B-00C04F79EFBC}") = "Q1JSON", "GOT\Q1JSON.csproj", "{17C7E2D9-3B33-4700-AC29-7273925274BB}"
EndProject
Global
	GlobalSection(SolutionConfigurationPlatforms) = preSolution
		Debug|Any CPU = Debug|Any CPU
		Release|Any CPU = Release|Any CPU
	EndGlobalSection
	GlobalSection(ProjectConfigurationPlatforms) = postSolution
		{17C7E2D9-3B33-4700-AC29-7273925274BB}.Debug|Any CPU.ActiveCfg = Debug|Any CPU
		{17C7E2D9-3B33-4700-AC29-7273925274BB}.Debug|Any CPU.Build.0 = Debug|Any CPU
		{17C7E2D9-3B33-4700-AC29-7273925274BB}.Release|Any CPU.ActiveCfg = Release|Any CPU
		{17C7E2D9-3B33-4700-AC29-7273925274BB}.Release|Any CPU.Build.0 = Release|Any CPU
	EndGlobalSection
	GlobalSection(SolutionProperties) = preSolution
		HideSolutionNode = FALSE
	EndGlobalSection
	GlobalSection(ExtensibilityGlobals) = postSolution
		SolutionGuid = {D5B38183-984D-4B78-934F-040B619D4777}
	EndGlobalSection
EndGlobal
